
Microsoft Visual Studio Solution File, Format Version 12.00
# Visual Studio Version 17
VisualStudioVersion = 17.11.35312.102
MinimumVisualStudioVersion = 10.0.40219.1
Project("{FAE04EC0-301F-11D3-BF4B-00C04F79EFBC}") = "CertificateGeneratorApp", "CertificateGeneratorApp\CertificateGeneratorApp.csproj", "{463AA700-ACF4-4D48-B007-98762FE93135}"
EndProject
Global
	GlobalSection(SolutionConfigurationPlatforms) = preSolution
		Debug|Any CPU = Debug|Any CPU
		Release|Any CPU = Release|Any CPU
	EndGlobalSection
	GlobalSection(ProjectConfigurationPlatforms) = postSolution
		{463AA700-ACF4-4D48-B007-98762FE93135}.Debug|Any CPU.ActiveCfg = Debug|Any CPU
		{463AA700-ACF4-4D48-B007-98762FE93135}.Debug|Any CPU.Build.0 = Debug|Any CPU
		{463AA700-ACF4-4D48-B007-98762FE93135}.Release|Any CPU.ActiveCfg = Release|Any CPU
		{463AA700-ACF4-4D48-B007-98762FE93135}.Release|Any CPU.Build.0 = Release|Any CPU
	EndGlobalSection
	GlobalSection(SolutionProperties) = preSolution
		HideSolutionNode = FALSE
	EndGlobalSection
	GlobalSection(ExtensibilityGlobals) = postSolution
		SolutionGuid = {6BE50E6A-982D-48F0-A444-209C4F06FE4A}
	EndGlobalSection
EndGlobal
